github.com/bxcodec/faker v2.0.1+incompatible h1:P0KUpUw5w6WJXwrPfv35oc91i4d8nf40Nwln+M/+faA=
github.com/bxcodec/faker v2.0.1+incompatible/go.mod h1:BNzfpVdTwnFJ6GtfYTcQu6l6rHShT+veBxNCnjCx5XM=
syreclabs.com/go/faker v1.2.0 h1:fy5UfSu5bOFrVpBk8I1jSgPdOLMJxM7ulKFvkh673ow=
syreclabs.com/go/faker v1.2.0/go.mod h1:NAXInmkPsC2xuO5MKZFe80PUXX5LU8cFdJIHGs+nSBE=
